
Microsoft Visual Studio Solution File, Format Version 12.00
# Visual Studio Version 16
VisualStudioVersion = 16.0.30611.23
MinimumVisualStudioVersion = 10.0.40219.1
Project("{FAE04EC0-301F-11D3-BF4B-00C04F79EFBC}") = "WF_GestureRecognition", "WF_GestureRecognition\WF_GestureRecognition.csproj", "{139A474E-DB48-4C2B-AF6B-34BA1CD2D331}"
EndProject
Global
	GlobalSection(SolutionConfigurationPlatforms) = preSolution
		Debug|Any CPU = Debug|Any CPU
		Release|Any CPU = Release|Any CPU
	EndGlobalSection
	GlobalSection(ProjectConfigurationPlatforms) = postSolution
		{139A474E-DB48-4C2B-AF6B-34BA1CD2D331}.Debug|Any CPU.ActiveCfg = Debug|Any CPU
		{139A474E-DB48-4C2B-AF6B-34BA1CD2D331}.Debug|Any CPU.Build.0 = Debug|Any CPU
		{139A474E-DB48-4C2B-AF6B-34BA1CD2D331}.Release|Any CPU.ActiveCfg = Release|Any CPU
		{139A474E-DB48-4C2B-AF6B-34BA1CD2D331}.Release|Any CPU.Build.0 = Release|Any CPU
	EndGlobalSection
	GlobalSection(SolutionProperties) = preSolution
		HideSolutionNode = FALSE
	EndGlobalSection
	GlobalSection(ExtensibilityGlobals) = postSolution
		SolutionGuid = {2CC5DF4C-235F-4507-8E80-443C0245A33C}
	EndGlobalSection
EndGlobal
